<?xml version="1.0" encoding="utf-8"?>
<Project ToolsVersion="4.0" xmlns="http://schemas.microsoft.com/developer/msbuild/2003">
  <ItemGroup>
    <ClCompile Include="main.cpp">
      <Filter>Sources</Filter>
    </ClCompile>
    <ClCompile Include="src\core\config.cpp">
      <Filter>Sources\core</Filter>
    </ClCompile>
    <ClCompile Include="src\core\cpu.cpp">
      <Filter>Sources\core</Filter>
    </ClCompile>
    <ClCompile Include="src\core\ines.cpp">
      <Filter>Sources\core</Filter>
    </ClCompile>
    <ClCompile Include="src\gui\config.cpp">
      <Filter>Sources\gui</Filter>
    </ClCompile>
    <ClCompile Include="src\gui\gui.cpp">
      <Filter>Sources\gui</Filter>
    </ClCompile>
    <ClCompile Include="src\core\mappers\nrom.cpp">
      <Filter>Sources\core\mappers</Filter>
    </ClCompile>
  </ItemGroup>
  <ItemGroup>
    <ClInclude Include="config.msvc.h">
      <Filter>Headers</Filter>
    </ClInclude>
    <ClInclude Include="include\vpnes\vpnes.hpp">
      <Filter>Headers</Filter>
    </ClInclude>
    <ClInclude Include="include\vpnes\core\apu.hpp">
      <Filter>Headers\core</Filter>
    </ClInclude>
    <ClInclude Include="include\vpnes\core\bus.hpp">
      <Filter>Headers\core</Filter>
    </ClInclude>
    <ClInclude Include="include\vpnes\core\config.hpp">
      <Filter>Headers\core</Filter>
    </ClInclude>
    <ClInclude Include="include\vpnes\core\cpu.hpp">
      <Filter>Headers\core</Filter>
    </ClInclude>
    <ClInclude Include="include\vpnes\core\cpu_compile.hpp">
      <Filter>Headers\core</Filter>
    </ClInclude>
    <ClInclude Include="include\vpnes\core\debugger.hpp">
      <Filter>Headers\core</Filter>
    </ClInclude>
    <ClInclude Include="include\vpnes\core\device.hpp">
      <Filter>Headers\core</Filter>
    </ClInclude>
    <ClInclude Include="include\vpnes\core\factory.hpp">
      <Filter>Headers\core</Filter>
    </ClInclude>
    <ClInclude Include="include\vpnes\core\frontend.hpp">
      <Filter>Headers\core</Filter>
    </ClInclude>
    <ClInclude Include="include\vpnes\core\ines.hpp">
      <Filter>Headers\core</Filter>
    </ClInclude>
    <ClInclude Include="include\vpnes\core\mboard.hpp">
      <Filter>Headers\core</Filter>
    </ClInclude>
    <ClInclude Include="include\vpnes\core\nes.hpp">
      <Filter>Headers\core</Filter>
    </ClInclude>
    <ClInclude Include="include\vpnes\core\ppu.hpp">
      <Filter>Headers\core</Filter>
    </ClInclude>
    <ClInclude Include="include\vpnes\core\ppu_compile.hpp">
      <Filter>Headers\core</Filter>
    </ClInclude>
    <ClInclude Include="include\vpnes\gui\config.hpp">
      <Filter>Headers\gui</Filter>
    </ClInclude>
    <ClInclude Include="include\vpnes\gui\gui.hpp">
      <Filter>Headers\gui</Filter>
    </ClInclude>
    <ClInclude Include="include\vpnes\core\mappers\helper.hpp">
      <Filter>Headers\core\mappers</Filter>
    </ClInclude>
    <ClInclude Include="include\vpnes\core\mappers\nrom.hpp">
      <Filter>Headers\core\mappers</Filter>
    </ClInclude>
  </ItemGroup>
  <ItemGroup>
    <Filter Include="Headers">
      <UniqueIdentifier>{2e258b28-2a9d-4964-b1ab-bec18eb2d2b5}</UniqueIdentifier>
    </Filter>
    <Filter Include="Sources">
      <UniqueIdentifier>{eec005e3-847a-49f3-87ec-7fd87e0385d0}</UniqueIdentifier>
    </Filter>
    <Filter Include="Headers\core">
      <UniqueIdentifier>{0c6162f5-a0b8-42ef-a3be-3c69733bbec2}</UniqueIdentifier>
    </Filter>
    <Filter Include="Headers\gui">
      <UniqueIdentifier>{94ce3f20-3d02-4cdf-8ae7-79aed552d2b8}</UniqueIdentifier>
    </Filter>
    <Filter Include="Sources\core">
      <UniqueIdentifier>{835912e7-1800-47fb-bc50-8a024b2782d9}</UniqueIdentifier>
    </Filter>
    <Filter Include="Sources\gui">
      <UniqueIdentifier>{d06f9a6a-1fe7-4d20-835a-1e82561fa320}</UniqueIdentifier>
    </Filter>
    <Filter Include="Sources\core\mappers">
      <UniqueIdentifier>{550d0bbf-83e6-4418-9df1-88307159241c}</UniqueIdentifier>
    </Filter>
    <Filter Include="Headers\core\mappers">
      <UniqueIdentifier>{e221750e-ae24-438c-912b-0655dce5c127}</UniqueIdentifier>
    </Filter>
  </ItemGroup>
</Project>